
Microsoft Visual Studio Solution File, Format Version 12.00
# Visual Studio 14
VisualStudioVersion = 14.0.25420.1
MinimumVisualStudioVersion = 10.0.40219.1
Project("{2150E333-8FDC-42A3-9474-1A3956D46DE8}") = "WebServices", "WebServices", "{1637510D-9CB5-4C65-82C6-1F9C6143BE8F}"
EndProject
Project("{2150E333-8FDC-42A3-9474-1A3956D46DE8}") = "WebServicesHosts", "WebServicesHosts", "{4AFCCE45-003A-44DA-85E3-C18B5908E3A5}"
EndProject
Project("{2150E333-8FDC-42A3-9474-1A3956D46DE8}") = "Web", "Web", "{68CCCA70-8E07-47AF-AD50-F51227367D5A}"
EndProject
Project("{2150E333-8FDC-42A3-9474-1A3956D46DE8}") = "Product", "Product", "{88CC188D-24D9-4F7A-855A-C3252EE00A5A}"
EndProject
Project("{2150E333-8FDC-42A3-9474-1A3956D46DE8}") = "Customer", "Customer", "{F5F03D5E-5A3D-4614-BBBB-DA1FAF7ADD5D}"
EndProject
Project("{8BB2217D-0F2D-49D1-97BC-3654ED321F3B}") = "www.ProductStore", "Web\www.ProductStore.xproj", "{834D048B-71D1-4620-AF70-421B0EC4C09D}"
EndProject
Project("{FAE04EC0-301F-11D3-BF4B-00C04F79EFBC}") = "ProductStore_Customer_WCFService", "WebServices\Customer\ProductStore_Customer_WCFService.csproj", "{CCA2EC67-09AD-4B62-8CA6-0F136D3DBF43}"
EndProject
Project("{FAE04EC0-301F-11D3-BF4B-00C04F79EFBC}") = "ProductStore_Product_WCFService", "WebServices\Product\ProductStore_Product_WCFService.csproj", "{BD91C8BB-5F1F-4D04-9F9F-1A06D44CF443}"
EndProject
Project("{2150E333-8FDC-42A3-9474-1A3956D46DE8}") = "AnyPointService", "AnyPointService", "{895558D1-23FD-43DA-B97C-28260FEAE132}"
EndProject
Project("{2150E333-8FDC-42A3-9474-1A3956D46DE8}") = "Users", "Users", "{010FB165-028A-428F-88C2-9065C6FE1DE2}"
EndProject
Project("{2150E333-8FDC-42A3-9474-1A3956D46DE8}") = "Tests", "Tests", "{5C25761F-B9D0-489F-8364-AB2F77E728EA}"
EndProject
Project("{FAE04EC0-301F-11D3-BF4B-00C04F79EFBC}") = "WcfServicesHost", "WebServicesHosts\WcfServicesHost.csproj", "{C910FA1F-EEBF-46D6-81CD-EE240B1D250F}"
EndProject
Project("{8BB2217D-0F2D-49D1-97BC-3654ED321F3B}") = "AnyPointObjects", "AnyPointService\AnyPointObjects\AnyPointObjects.xproj", "{C6FD6F80-B69E-478D-9A52-EEED6F0FA972}"
EndProject
Project("{8BB2217D-0F2D-49D1-97BC-3654ED321F3B}") = "HttpAnyPointServiceClient", "AnyPointService\HttpAnyPointServiceClient\HttpAnyPointServiceClient.xproj", "{D46E7F1F-D4CD-4307-AAF1-809659F072AB}"
EndProject
Project("{2150E333-8FDC-42A3-9474-1A3956D46DE8}") = "Solution Items", "Solution Items", "{C9B45075-4CDF-4B2F-8282-FF8187561C17}"
	ProjectSection(SolutionItems) = preProject
		global.json = global.json
	EndProjectSection
EndProject
Project("{FAE04EC0-301F-11D3-BF4B-00C04F79EFBC}") = "ProductStore_Users_WCFService", "WebServices\Users\ProductStore_Users_WCFService\ProductStore_Users_WCFService.csproj", "{4A639C42-F6FB-46BB-8D6C-78CEC4354E2E}"
EndProject
Project("{FAE04EC0-301F-11D3-BF4B-00C04F79EFBC}") = "ProductStore_Users_WCFServiceTests", "WebServices\Users\ProductStore_Users_WCFServiceTests\ProductStore_Users_WCFServiceTests.csproj", "{28DB6D89-3442-40FB-8BC7-532313A34552}"
EndProject
Global
	GlobalSection(SolutionConfigurationPlatforms) = preSolution
		Debug|Any CPU = Debug|Any CPU
		Release|Any CPU = Release|Any CPU
	EndGlobalSection
	GlobalSection(ProjectConfigurationPlatforms) = postSolution
		{834D048B-71D1-4620-AF70-421B0EC4C09D}.Debug|Any CPU.ActiveCfg = Debug|Any CPU
		{834D048B-71D1-4620-AF70-421B0EC4C09D}.Debug|Any CPU.Build.0 = Debug|Any CPU
		{834D048B-71D1-4620-AF70-421B0EC4C09D}.Release|Any CPU.ActiveCfg = Release|Any CPU
		{834D048B-71D1-4620-AF70-421B0EC4C09D}.Release|Any CPU.Build.0 = Release|Any CPU
		{CCA2EC67-09AD-4B62-8CA6-0F136D3DBF43}.Debug|Any CPU.ActiveCfg = Debug|Any CPU
		{CCA2EC67-09AD-4B62-8CA6-0F136D3DBF43}.Debug|Any CPU.Build.0 = Debug|Any CPU
		{CCA2EC67-09AD-4B62-8CA6-0F136D3DBF43}.Release|Any CPU.ActiveCfg = Release|Any CPU
		{CCA2EC67-09AD-4B62-8CA6-0F136D3DBF43}.Release|Any CPU.Build.0 = Release|Any CPU
		{BD91C8BB-5F1F-4D04-9F9F-1A06D44CF443}.Debug|Any CPU.ActiveCfg = Debug|Any CPU
		{BD91C8BB-5F1F-4D04-9F9F-1A06D44CF443}.Debug|Any CPU.Build.0 = Debug|Any CPU
		{BD91C8BB-5F1F-4D04-9F9F-1A06D44CF443}.Release|Any CPU.ActiveCfg = Release|Any CPU
		{BD91C8BB-5F1F-4D04-9F9F-1A06D44CF443}.Release|Any CPU.Build.0 = Release|Any CPU
		{C910FA1F-EEBF-46D6-81CD-EE240B1D250F}.Debug|Any CPU.ActiveCfg = Debug|Any CPU
		{C910FA1F-EEBF-46D6-81CD-EE240B1D250F}.Debug|Any CPU.Build.0 = Debug|Any CPU
		{C910FA1F-EEBF-46D6-81CD-EE240B1D250F}.Release|Any CPU.ActiveCfg = Release|Any CPU
		{C910FA1F-EEBF-46D6-81CD-EE240B1D250F}.Release|Any CPU.Build.0 = Release|Any CPU
		{C6FD6F80-B69E-478D-9A52-EEED6F0FA972}.Debug|Any CPU.ActiveCfg = Debug|Any CPU
		{C6FD6F80-B69E-478D-9A52-EEED6F0FA972}.Debug|Any CPU.Build.0 = Debug|Any CPU
		{C6FD6F80-B69E-478D-9A52-EEED6F0FA972}.Release|Any CPU.ActiveCfg = Release|Any CPU
		{C6FD6F80-B69E-478D-9A52-EEED6F0FA972}.Release|Any CPU.Build.0 = Release|Any CPU
		{D46E7F1F-D4CD-4307-AAF1-809659F072AB}.Debug|Any CPU.ActiveCfg = Debug|Any CPU
		{D46E7F1F-D4CD-4307-AAF1-809659F072AB}.Debug|Any CPU.Build.0 = Debug|Any CPU
		{D46E7F1F-D4CD-4307-AAF1-809659F072AB}.Release|Any CPU.ActiveCfg = Release|Any CPU
		{D46E7F1F-D4CD-4307-AAF1-809659F072AB}.Release|Any CPU.Build.0 = Release|Any CPU
		{4A639C42-F6FB-46BB-8D6C-78CEC4354E2E}.Debug|Any CPU.ActiveCfg = Debug|Any CPU
		{4A639C42-F6FB-46BB-8D6C-78CEC4354E2E}.Debug|Any CPU.Build.0 = Debug|Any CPU
		{4A639C42-F6FB-46BB-8D6C-78CEC4354E2E}.Release|Any CPU.ActiveCfg = Release|Any CPU
		{4A639C42-F6FB-46BB-8D6C-78CEC4354E2E}.Release|Any CPU.Build.0 = Release|Any CPU
		{28DB6D89-3442-40FB-8BC7-532313A34552}.Debug|Any CPU.ActiveCfg = Debug|Any CPU
		{28DB6D89-3442-40FB-8BC7-532313A34552}.Debug|Any CPU.Build.0 = Debug|Any CPU
		{28DB6D89-3442-40FB-8BC7-532313A34552}.Release|Any CPU.ActiveCfg = Release|Any CPU
		{28DB6D89-3442-40FB-8BC7-532313A34552}.Release|Any CPU.Build.0 = Release|Any CPU
	EndGlobalSection
	GlobalSection(SolutionProperties) = preSolution
		HideSolutionNode = FALSE
	EndGlobalSection
	GlobalSection(NestedProjects) = preSolution
		{88CC188D-24D9-4F7A-855A-C3252EE00A5A} = {1637510D-9CB5-4C65-82C6-1F9C6143BE8F}
		{F5F03D5E-5A3D-4614-BBBB-DA1FAF7ADD5D} = {1637510D-9CB5-4C65-82C6-1F9C6143BE8F}
		{834D048B-71D1-4620-AF70-421B0EC4C09D} = {68CCCA70-8E07-47AF-AD50-F51227367D5A}
		{CCA2EC67-09AD-4B62-8CA6-0F136D3DBF43} = {F5F03D5E-5A3D-4614-BBBB-DA1FAF7ADD5D}
		{BD91C8BB-5F1F-4D04-9F9F-1A06D44CF443} = {88CC188D-24D9-4F7A-855A-C3252EE00A5A}
		{010FB165-028A-428F-88C2-9065C6FE1DE2} = {1637510D-9CB5-4C65-82C6-1F9C6143BE8F}
		{C910FA1F-EEBF-46D6-81CD-EE240B1D250F} = {4AFCCE45-003A-44DA-85E3-C18B5908E3A5}
		{C6FD6F80-B69E-478D-9A52-EEED6F0FA972} = {895558D1-23FD-43DA-B97C-28260FEAE132}
		{D46E7F1F-D4CD-4307-AAF1-809659F072AB} = {895558D1-23FD-43DA-B97C-28260FEAE132}
		{4A639C42-F6FB-46BB-8D6C-78CEC4354E2E} = {010FB165-028A-428F-88C2-9065C6FE1DE2}
		{28DB6D89-3442-40FB-8BC7-532313A34552} = {5C25761F-B9D0-489F-8364-AB2F77E728EA}
	EndGlobalSection
EndGlobal
